
Microsoft Visual Studio Solution File, Format Version 12.00
# Visual Studio Version 17
VisualStudioVersion = 17.0.31919.166
MinimumVisualStudioVersion = 10.0.40219.1
Project("{FAE04EC0-301F-11D3-BF4B-00C04F79EFBC}") = "WebPerson", "WebPerson\WebPerson.csproj", "{2DE183BB-F36F-4B95-A1CF-DB4815AC9EFB}"
EndProject
Global
	GlobalSection(SolutionConfigurationPlatforms) = preSolution
		Debug|Any CPU = Debug|Any CPU
		Release|Any CPU = Release|Any CPU
	EndGlobalSection
	GlobalSection(ProjectConfigurationPlatforms) = postSolution
		{2DE183BB-F36F-4B95-A1CF-DB4815AC9EFB}.Debug|Any CPU.ActiveCfg = Debug|Any CPU
		{2DE183BB-F36F-4B95-A1CF-DB4815AC9EFB}.Debug|Any CPU.Build.0 = Debug|Any CPU
		{2DE183BB-F36F-4B95-A1CF-DB4815AC9EFB}.Release|Any CPU.ActiveCfg = Release|Any CPU
		{2DE183BB-F36F-4B95-A1CF-DB4815AC9EFB}.Release|Any CPU.Build.0 = Release|Any CPU
	EndGlobalSection
	GlobalSection(SolutionProperties) = preSolution
		HideSolutionNode = FALSE
	EndGlobalSection
	GlobalSection(ExtensibilityGlobals) = postSolution
		SolutionGuid = {EC750D11-809B-4999-AEAA-1E9EA1E9E950}
	EndGlobalSection
EndGlobal
